
Microsoft Visual Studio Solution File, Format Version 12.00
# Visual Studio Version 17
VisualStudioVersion = 17.4.33122.133
MinimumVisualStudioVersion = 10.0.40219.1
Project("{9A19103F-16F7-4668-BE54-9A1E7A4F7556}") = "QuestionMark", "QuestionMark\QuestionMark.csproj", "{F4FFE07F-67E4-4FFB-B715-E0C85064E053}"
EndProject
Project("{9A19103F-16F7-4668-BE54-9A1E7A4F7556}") = "SwichForWhile", "SwichForWhile\SwichForWhile.csproj", "{CDB8732B-679D-4787-B63E-CDB9496C9D7B}"
EndProject
Project("{FAE04EC0-301F-11D3-BF4B-00C04F79EFBC}") = "RefOutRegexTryParse", "RefOut\RefOutRegexTryParse.csproj", "{7043E34F-8AC6-437B-9A6A-4EC75DEF5BFD}"
EndProject
Global
	GlobalSection(SolutionConfigurationPlatforms) = preSolution
		Debug|Any CPU = Debug|Any CPU
		Release|Any CPU = Release|Any CPU
	EndGlobalSection
	GlobalSection(ProjectConfigurationPlatforms) = postSolution
		{F4FFE07F-67E4-4FFB-B715-E0C85064E053}.Debug|Any CPU.ActiveCfg = Debug|Any CPU
		{F4FFE07F-67E4-4FFB-B715-E0C85064E053}.Debug|Any CPU.Build.0 = Debug|Any CPU
		{F4FFE07F-67E4-4FFB-B715-E0C85064E053}.Release|Any CPU.ActiveCfg = Release|Any CPU
		{F4FFE07F-67E4-4FFB-B715-E0C85064E053}.Release|Any CPU.Build.0 = Release|Any CPU
		{CDB8732B-679D-4787-B63E-CDB9496C9D7B}.Debug|Any CPU.ActiveCfg = Debug|Any CPU
		{CDB8732B-679D-4787-B63E-CDB9496C9D7B}.Debug|Any CPU.Build.0 = Debug|Any CPU
		{CDB8732B-679D-4787-B63E-CDB9496C9D7B}.Release|Any CPU.ActiveCfg = Release|Any CPU
		{CDB8732B-679D-4787-B63E-CDB9496C9D7B}.Release|Any CPU.Build.0 = Release|Any CPU
		{7043E34F-8AC6-437B-9A6A-4EC75DEF5BFD}.Debug|Any CPU.ActiveCfg = Debug|Any CPU
		{7043E34F-8AC6-437B-9A6A-4EC75DEF5BFD}.Debug|Any CPU.Build.0 = Debug|Any CPU
		{7043E34F-8AC6-437B-9A6A-4EC75DEF5BFD}.Release|Any CPU.ActiveCfg = Release|Any CPU
		{7043E34F-8AC6-437B-9A6A-4EC75DEF5BFD}.Release|Any CPU.Build.0 = Release|Any CPU
	EndGlobalSection
	GlobalSection(SolutionProperties) = preSolution
		HideSolutionNode = FALSE
	EndGlobalSection
	GlobalSection(ExtensibilityGlobals) = postSolution
		SolutionGuid = {14880B74-6FC8-4864-B8AA-F5C278993856}
	EndGlobalSection
EndGlobal
