
Microsoft Visual Studio Solution File, Format Version 12.00
# Visual Studio Version 17
VisualStudioVersion = 17.4.33122.133
MinimumVisualStudioVersion = 10.0.40219.1
Project("{9A19103F-16F7-4668-BE54-9A1E7A4F7556}") = "QuestionMark", "QuestionMark\QuestionMark.csproj", "{F4FFE07F-67E4-4FFB-B715-E0C85064E053}"
EndProject
Project("{9A19103F-16F7-4668-BE54-9A1E7A4F7556}") = "SwichForWhile", "SwichForWhile\SwichForWhile.csproj", "{CDB8732B-679D-4787-B63E-CDB9496C9D7B}"
EndProject
Project("{9A19103F-16F7-4668-BE54-9A1E7A4F7556}") = "RefOutRegexTryParse", "RefOut\RefOutRegexTryParse.csproj", "{7043E34F-8AC6-437B-9A6A-4EC75DEF5BFD}"
EndProject
Project("{9A19103F-16F7-4668-BE54-9A1E7A4F7556}") = "OopAbstraction", "OopAbstraction\OopAbstraction.csproj", "{CC398465-C44B-4B63-8EE4-AD1588D47E8D}"
EndProject
Project("{9A19103F-16F7-4668-BE54-9A1E7A4F7556}") = "OopEncapsulation", "OopEncapsulation\OopEncapsulation.csproj", "{3DCDAA7D-458E-4221-BC4F-14A666BD0B0D}"
EndProject
Project("{9A19103F-16F7-4668-BE54-9A1E7A4F7556}") = "OopEncapsulationCont", "OopEncapsulationCont\OopEncapsulationCont.csproj", "{FDC6E003-81F9-46DE-98E8-858ECFE0BC25}"
EndProject
Project("{9A19103F-16F7-4668-BE54-9A1E7A4F7556}") = "OopEncapsulationProperty", "OopEncapsulationProperty\OopEncapsulationProperty.csproj", "{5BC36411-08B5-45C6-82DF-D5B5D3A02507}"
EndProject
Project("{9A19103F-16F7-4668-BE54-9A1E7A4F7556}") = "OopPolymorphismOverloading", "OopPolymorphismOverloading\OopPolymorphismOverloading.csproj", "{D552B35E-EC18-477D-87BC-1FA0B5F7C2D2}"
EndProject
Project("{9A19103F-16F7-4668-BE54-9A1E7A4F7556}") = "OopPolymorphismOverriding", "OopPolymorphismOverriding\OopPolymorphismOverriding.csproj", "{7F676179-E77A-4E0B-8F38-280EED8D91EB}"
EndProject
Project("{9A19103F-16F7-4668-BE54-9A1E7A4F7556}") = "OopPolymorphismInterface", "OopPolymorphismInterface\OopPolymorphismInterface.csproj", "{33C33F58-D69D-4EC4-919A-F164C1D46AB9}"
EndProject
Project("{9A19103F-16F7-4668-BE54-9A1E7A4F7556}") = "ExtentionMethod", "ExtentionMethod\ExtentionMethod.csproj", "{3F246425-585D-4C96-A4C2-26FA9DBA2ABE}"
EndProject
Project("{9A19103F-16F7-4668-BE54-9A1E7A4F7556}") = "ListAndLinq", "ListAndLinq\ListAndLinq.csproj", "{46E0067A-00AB-4EE2-BF3C-501308DD74D2}"
EndProject
Project("{9A19103F-16F7-4668-BE54-9A1E7A4F7556}") = "GenericClass", "GenericClass\GenericClass.csproj", "{2D133537-7DAB-4E60-9DF3-889DBA50F4F5}"
EndProject
Project("{9A19103F-16F7-4668-BE54-9A1E7A4F7556}") = "Baitap1", "Baitap1\Baitap1.csproj", "{B0E13D59-C580-4C79-ADED-96309E5E95D2}"
EndProject
Project("{FAE04EC0-301F-11D3-BF4B-00C04F79EFBC}") = "WindowsFormsApp1", "WindowsFormsApp1\WindowsFormsApp1.csproj", "{85F59868-B4D2-4095-9E24-1D4C60E0DC2B}"
EndProject
Global
	GlobalSection(SolutionConfigurationPlatforms) = preSolution
		Debug|Any CPU = Debug|Any CPU
		Release|Any CPU = Release|Any CPU
	EndGlobalSection
	GlobalSection(ProjectConfigurationPlatforms) = postSolution
		{F4FFE07F-67E4-4FFB-B715-E0C85064E053}.Debug|Any CPU.ActiveCfg = Debug|Any CPU
		{F4FFE07F-67E4-4FFB-B715-E0C85064E053}.Debug|Any CPU.Build.0 = Debug|Any CPU
		{F4FFE07F-67E4-4FFB-B715-E0C85064E053}.Release|Any CPU.ActiveCfg = Release|Any CPU
		{F4FFE07F-67E4-4FFB-B715-E0C85064E053}.Release|Any CPU.Build.0 = Release|Any CPU
		{CDB8732B-679D-4787-B63E-CDB9496C9D7B}.Debug|Any CPU.ActiveCfg = Debug|Any CPU
		{CDB8732B-679D-4787-B63E-CDB9496C9D7B}.Debug|Any CPU.Build.0 = Debug|Any CPU
		{CDB8732B-679D-4787-B63E-CDB9496C9D7B}.Release|Any CPU.ActiveCfg = Release|Any CPU
		{CDB8732B-679D-4787-B63E-CDB9496C9D7B}.Release|Any CPU.Build.0 = Release|Any CPU
		{7043E34F-8AC6-437B-9A6A-4EC75DEF5BFD}.Debug|Any CPU.ActiveCfg = Debug|Any CPU
		{7043E34F-8AC6-437B-9A6A-4EC75DEF5BFD}.Debug|Any CPU.Build.0 = Debug|Any CPU
		{7043E34F-8AC6-437B-9A6A-4EC75DEF5BFD}.Release|Any CPU.ActiveCfg = Release|Any CPU
		{7043E34F-8AC6-437B-9A6A-4EC75DEF5BFD}.Release|Any CPU.Build.0 = Release|Any CPU
		{CC398465-C44B-4B63-8EE4-AD1588D47E8D}.Debug|Any CPU.ActiveCfg = Debug|Any CPU
		{CC398465-C44B-4B63-8EE4-AD1588D47E8D}.Debug|Any CPU.Build.0 = Debug|Any CPU
		{CC398465-C44B-4B63-8EE4-AD1588D47E8D}.Release|Any CPU.ActiveCfg = Release|Any CPU
		{CC398465-C44B-4B63-8EE4-AD1588D47E8D}.Release|Any CPU.Build.0 = Release|Any CPU
		{3DCDAA7D-458E-4221-BC4F-14A666BD0B0D}.Debug|Any CPU.ActiveCfg = Debug|Any CPU
		{3DCDAA7D-458E-4221-BC4F-14A666BD0B0D}.Debug|Any CPU.Build.0 = Debug|Any CPU
		{3DCDAA7D-458E-4221-BC4F-14A666BD0B0D}.Release|Any CPU.ActiveCfg = Release|Any CPU
		{3DCDAA7D-458E-4221-BC4F-14A666BD0B0D}.Release|Any CPU.Build.0 = Release|Any CPU
		{FDC6E003-81F9-46DE-98E8-858ECFE0BC25}.Debug|Any CPU.ActiveCfg = Debug|Any CPU
		{FDC6E003-81F9-46DE-98E8-858ECFE0BC25}.Debug|Any CPU.Build.0 = Debug|Any CPU
		{FDC6E003-81F9-46DE-98E8-858ECFE0BC25}.Release|Any CPU.ActiveCfg = Release|Any CPU
		{FDC6E003-81F9-46DE-98E8-858ECFE0BC25}.Release|Any CPU.Build.0 = Release|Any CPU
		{5BC36411-08B5-45C6-82DF-D5B5D3A02507}.Debug|Any CPU.ActiveCfg = Debug|Any CPU
		{5BC36411-08B5-45C6-82DF-D5B5D3A02507}.Debug|Any CPU.Build.0 = Debug|Any CPU
		{5BC36411-08B5-45C6-82DF-D5B5D3A02507}.Release|Any CPU.ActiveCfg = Release|Any CPU
		{5BC36411-08B5-45C6-82DF-D5B5D3A02507}.Release|Any CPU.Build.0 = Release|Any CPU
		{D552B35E-EC18-477D-87BC-1FA0B5F7C2D2}.Debug|Any CPU.ActiveCfg = Debug|Any CPU
		{D552B35E-EC18-477D-87BC-1FA0B5F7C2D2}.Debug|Any CPU.Build.0 = Debug|Any CPU
		{D552B35E-EC18-477D-87BC-1FA0B5F7C2D2}.Release|Any CPU.ActiveCfg = Release|Any CPU
		{D552B35E-EC18-477D-87BC-1FA0B5F7C2D2}.Release|Any CPU.Build.0 = Release|Any CPU
		{7F676179-E77A-4E0B-8F38-280EED8D91EB}.Debug|Any CPU.ActiveCfg = Debug|Any CPU
		{7F676179-E77A-4E0B-8F38-280EED8D91EB}.Debug|Any CPU.Build.0 = Debug|Any CPU
		{7F676179-E77A-4E0B-8F38-280EED8D91EB}.Release|Any CPU.ActiveCfg = Release|Any CPU
		{7F676179-E77A-4E0B-8F38-280EED8D91EB}.Release|Any CPU.Build.0 = Release|Any CPU
		{33C33F58-D69D-4EC4-919A-F164C1D46AB9}.Debug|Any CPU.ActiveCfg = Debug|Any CPU
		{33C33F58-D69D-4EC4-919A-F164C1D46AB9}.Debug|Any CPU.Build.0 = Debug|Any CPU
		{33C33F58-D69D-4EC4-919A-F164C1D46AB9}.Release|Any CPU.ActiveCfg = Release|Any CPU
		{33C33F58-D69D-4EC4-919A-F164C1D46AB9}.Release|Any CPU.Build.0 = Release|Any CPU
		{3F246425-585D-4C96-A4C2-26FA9DBA2ABE}.Debug|Any CPU.ActiveCfg = Debug|Any CPU
		{3F246425-585D-4C96-A4C2-26FA9DBA2ABE}.Debug|Any CPU.Build.0 = Debug|Any CPU
		{3F246425-585D-4C96-A4C2-26FA9DBA2ABE}.Release|Any CPU.ActiveCfg = Release|Any CPU
		{3F246425-585D-4C96-A4C2-26FA9DBA2ABE}.Release|Any CPU.Build.0 = Release|Any CPU
		{46E0067A-00AB-4EE2-BF3C-501308DD74D2}.Debug|Any CPU.ActiveCfg = Debug|Any CPU
		{46E0067A-00AB-4EE2-BF3C-501308DD74D2}.Debug|Any CPU.Build.0 = Debug|Any CPU
		{46E0067A-00AB-4EE2-BF3C-501308DD74D2}.Release|Any CPU.ActiveCfg = Release|Any CPU
		{46E0067A-00AB-4EE2-BF3C-501308DD74D2}.Release|Any CPU.Build.0 = Release|Any CPU
		{2D133537-7DAB-4E60-9DF3-889DBA50F4F5}.Debug|Any CPU.ActiveCfg = Debug|Any CPU
		{2D133537-7DAB-4E60-9DF3-889DBA50F4F5}.Debug|Any CPU.Build.0 = Debug|Any CPU
		{2D133537-7DAB-4E60-9DF3-889DBA50F4F5}.Release|Any CPU.ActiveCfg = Release|Any CPU
		{2D133537-7DAB-4E60-9DF3-889DBA50F4F5}.Release|Any CPU.Build.0 = Release|Any CPU
		{B0E13D59-C580-4C79-ADED-96309E5E95D2}.Debug|Any CPU.ActiveCfg = Debug|Any CPU
		{B0E13D59-C580-4C79-ADED-96309E5E95D2}.Debug|Any CPU.Build.0 = Debug|Any CPU
		{B0E13D59-C580-4C79-ADED-96309E5E95D2}.Release|Any CPU.ActiveCfg = Release|Any CPU
		{B0E13D59-C580-4C79-ADED-96309E5E95D2}.Release|Any CPU.Build.0 = Release|Any CPU
		{85F59868-B4D2-4095-9E24-1D4C60E0DC2B}.Debug|Any CPU.ActiveCfg = Debug|Any CPU
		{85F59868-B4D2-4095-9E24-1D4C60E0DC2B}.Debug|Any CPU.Build.0 = Debug|Any CPU
		{85F59868-B4D2-4095-9E24-1D4C60E0DC2B}.Release|Any CPU.ActiveCfg = Release|Any CPU
		{85F59868-B4D2-4095-9E24-1D4C60E0DC2B}.Release|Any CPU.Build.0 = Release|Any CPU
	EndGlobalSection
	GlobalSection(SolutionProperties) = preSolution
		HideSolutionNode = FALSE
	EndGlobalSection
	GlobalSection(ExtensibilityGlobals) = postSolution
		SolutionGuid = {14880B74-6FC8-4864-B8AA-F5C278993856}
	EndGlobalSection
EndGlobal
